{
    "_meta": {
        "hash": {
            "sha256": "3b058fbed0d7dd8f8929ce54e4d803f03cad05191414eaaa3a0887166dfaa6de"
        },
        "pipfile-spec": 6,
        "requires": {
            "python_version": "3.8"
        },
        "sources": [
            {
                "name": "pypi",
                "url": "https://pypi.org/simple",
                "verify_ssl": true
            }
        ]
    },
    "default": {
        "asgiref": {
            "hashes": [
                "sha256:5ee950735509d04eb673bd7f7120f8fa1c9e2df495394992c73234d526907e17",
                "sha256:7162a3cb30ab0609f1a4c95938fd73e8604f63bdba516a7f7d64b83ff09478f0"
            ],
            "version": "==3.3.1"
        },
        "django": {
            "hashes": [
                "sha256:5052b34b34b3425233c682e0e11d658fd6efd587d11335a0203d827224ada8f2",
                "sha256:e1630333248c9b3d4e38f02093a26f1e07b271ca896d73097457996e0fae12e8"
            ],
            "index": "pypi",
            "version": "==3.0.7"
        },
        "mysqlclient": {
            "hashes": [
                "sha256:3739824f4b8f29a6a4e5fc965f933fdce7c9edc2454990c3e5c6e038779e5580",
                "sha256:4861e33b9fad83dadf38feae77a14106365fc8c354ec4300fab5d8ccfbee4b4e",
                "sha256:4d91dde55230a512937aafc5981c6c11c0efad2c6b3d33e83287208c8bdab367",
                "sha256:8944d9008c29abfa43e3c97551416ea23b2ccb017af85682b79f34fc26dc43ae",
                "sha256:8df057b08fc27d8f7106bfa997d0a21e2acef017f905f06d6fb0aa6a20d4d2b2"
            ],
            "index": "pypi",
            "version": "==2.0.2"
        },
        "python-dotenv": {
            "hashes": [
                "sha256:25c0ff1a3e12f4bde8d592cc254ab075cfe734fc5dd989036716fd17ee7e5ec7",
                "sha256:3b9909bc96b0edc6b01586e1eed05e71174ef4e04c71da5786370cebea53ad74"
            ],
            "index": "pypi",
            "version": "==0.13.0"
        },
        "pytz": {
            "hashes": [
                "sha256:3e6b7dd2d1e0a59084bcee14a17af60c5c562cdc16d828e8eba2e683d3a7e268",
                "sha256:5c55e189b682d420be27c6995ba6edce0c0a77dd67bfbe2ae6607134d5851ffd"
            ],
            "version": "==2020.4"
        },
        "sqlparse": {
            "hashes": [
                "sha256:017cde379adbd6a1f15a61873f43e8274179378e95ef3fede90b5aa64d304ed0",
                "sha256:0f91fd2e829c44362cbcfab3e9ae12e22badaa8a29ad5ff599f9ec109f0454e8"
            ],
            "version": "==0.4.1"
        }
    },
    "develop": {}
}
